
Microsoft Visual Studio Solution File, Format Version 12.00
# Visual Studio Version 17
VisualStudioVersion = 17.11.35327.3
MinimumVisualStudioVersion = 10.0.40219.1
Project("{2150E333-8FDC-42A3-9474-1A3956D46DE8}") = "CleanArchitecture", "CleanArchitecture", "{9A129CC6-760D-4977-9CEC-90A581DC8FEB}"
EndProject
Project("{2150E333-8FDC-42A3-9474-1A3956D46DE8}") = "Src", "Src", "{39C142BE-911B-4728-AE8D-42A5C0023E26}"
EndProject
Project("{2150E333-8FDC-42A3-9474-1A3956D46DE8}") = "Test", "Test", "{25ACD745-EAD8-4574-B2DA-A083C2A1BCAC}"
EndProject
Project("{2150E333-8FDC-42A3-9474-1A3956D46DE8}") = "Core", "Core", "{6D6778D8-C069-4C5F-9B8D-D537B34CF690}"
EndProject
Project("{9A19103F-16F7-4668-BE54-9A1E7A4F7556}") = "App.Domain", "App.Domain\App.Domain.csproj", "{93995830-0BC4-4BED-96E6-C42D24C495C4}"
EndProject
Project("{9A19103F-16F7-4668-BE54-9A1E7A4F7556}") = "App.Application", "App.Application\App.Application.csproj", "{9D5F5E45-BCB5-4E70-A117-2FD9BB593320}"
EndProject
Project("{2150E333-8FDC-42A3-9474-1A3956D46DE8}") = "Infrastructure", "Infrastructure", "{B020BFE9-5585-441E-ABE9-A271C1688427}"
EndProject
Project("{9A19103F-16F7-4668-BE54-9A1E7A4F7556}") = "App.Persistence", "App.Persistance\App.Persistence.csproj", "{508737EA-03C7-479A-AC4E-D2F9D5911081}"
EndProject
Project("{2150E333-8FDC-42A3-9474-1A3956D46DE8}") = "API", "API", "{5C155DAC-CE3E-4E2B-A75D-D02EF6F40411}"
EndProject
Project("{9A19103F-16F7-4668-BE54-9A1E7A4F7556}") = "CleanApp.API", "CleanApp.API\CleanApp.API.csproj", "{8135ACE7-58BC-48B8-A5D2-E74896514A7D}"
EndProject
Global
	GlobalSection(SolutionConfigurationPlatforms) = preSolution
		Debug|Any CPU = Debug|Any CPU
		Release|Any CPU = Release|Any CPU
	EndGlobalSection
	GlobalSection(ProjectConfigurationPlatforms) = postSolution
		{93995830-0BC4-4BED-96E6-C42D24C495C4}.Debug|Any CPU.ActiveCfg = Debug|Any CPU
		{93995830-0BC4-4BED-96E6-C42D24C495C4}.Debug|Any CPU.Build.0 = Debug|Any CPU
		{93995830-0BC4-4BED-96E6-C42D24C495C4}.Release|Any CPU.ActiveCfg = Release|Any CPU
		{93995830-0BC4-4BED-96E6-C42D24C495C4}.Release|Any CPU.Build.0 = Release|Any CPU
		{9D5F5E45-BCB5-4E70-A117-2FD9BB593320}.Debug|Any CPU.ActiveCfg = Debug|Any CPU
		{9D5F5E45-BCB5-4E70-A117-2FD9BB593320}.Debug|Any CPU.Build.0 = Debug|Any CPU
		{9D5F5E45-BCB5-4E70-A117-2FD9BB593320}.Release|Any CPU.ActiveCfg = Release|Any CPU
		{9D5F5E45-BCB5-4E70-A117-2FD9BB593320}.Release|Any CPU.Build.0 = Release|Any CPU
		{508737EA-03C7-479A-AC4E-D2F9D5911081}.Debug|Any CPU.ActiveCfg = Debug|Any CPU
		{508737EA-03C7-479A-AC4E-D2F9D5911081}.Debug|Any CPU.Build.0 = Debug|Any CPU
		{508737EA-03C7-479A-AC4E-D2F9D5911081}.Release|Any CPU.ActiveCfg = Release|Any CPU
		{508737EA-03C7-479A-AC4E-D2F9D5911081}.Release|Any CPU.Build.0 = Release|Any CPU
		{8135ACE7-58BC-48B8-A5D2-E74896514A7D}.Debug|Any CPU.ActiveCfg = Debug|Any CPU
		{8135ACE7-58BC-48B8-A5D2-E74896514A7D}.Debug|Any CPU.Build.0 = Debug|Any CPU
		{8135ACE7-58BC-48B8-A5D2-E74896514A7D}.Release|Any CPU.ActiveCfg = Release|Any CPU
		{8135ACE7-58BC-48B8-A5D2-E74896514A7D}.Release|Any CPU.Build.0 = Release|Any CPU
	EndGlobalSection
	GlobalSection(SolutionProperties) = preSolution
		HideSolutionNode = FALSE
	EndGlobalSection
	GlobalSection(NestedProjects) = preSolution
		{39C142BE-911B-4728-AE8D-42A5C0023E26} = {9A129CC6-760D-4977-9CEC-90A581DC8FEB}
		{25ACD745-EAD8-4574-B2DA-A083C2A1BCAC} = {9A129CC6-760D-4977-9CEC-90A581DC8FEB}
		{6D6778D8-C069-4C5F-9B8D-D537B34CF690} = {39C142BE-911B-4728-AE8D-42A5C0023E26}
		{93995830-0BC4-4BED-96E6-C42D24C495C4} = {6D6778D8-C069-4C5F-9B8D-D537B34CF690}
		{9D5F5E45-BCB5-4E70-A117-2FD9BB593320} = {6D6778D8-C069-4C5F-9B8D-D537B34CF690}
		{B020BFE9-5585-441E-ABE9-A271C1688427} = {39C142BE-911B-4728-AE8D-42A5C0023E26}
		{508737EA-03C7-479A-AC4E-D2F9D5911081} = {B020BFE9-5585-441E-ABE9-A271C1688427}
		{5C155DAC-CE3E-4E2B-A75D-D02EF6F40411} = {39C142BE-911B-4728-AE8D-42A5C0023E26}
		{8135ACE7-58BC-48B8-A5D2-E74896514A7D} = {5C155DAC-CE3E-4E2B-A75D-D02EF6F40411}
	EndGlobalSection
	GlobalSection(ExtensibilityGlobals) = postSolution
		SolutionGuid = {FFBC9112-5E30-4A0D-8DE0-0E48B7938CE7}
	EndGlobalSection
EndGlobal
