
Microsoft Visual Studio Solution File, Format Version 12.00
# Visual Studio Version 17
VisualStudioVersion = 17.11.35327.3
MinimumVisualStudioVersion = 10.0.40219.1
Project("{FAE04EC0-301F-11D3-BF4B-00C04F79EFBC}") = "App.Repositories", "Repositories\App.Repositories.csproj", "{B0DAF738-5A82-4C3C-8DAD-271A09E8018E}"
EndProject
Project("{FAE04EC0-301F-11D3-BF4B-00C04F79EFBC}") = "App.Services", "Services\App.Services.csproj", "{D2378B9B-9F24-4CFC-A1FF-3D4FC110A40A}"
EndProject
Project("{FAE04EC0-301F-11D3-BF4B-00C04F79EFBC}") = "App.API", "App.API\App.API.csproj", "{60A2EDDC-14F2-4F40-8138-ACF862DE9A3F}"
EndProject
Global
	GlobalSection(SolutionConfigurationPlatforms) = preSolution
		Debug|Any CPU = Debug|Any CPU
		Release|Any CPU = Release|Any CPU
	EndGlobalSection
	GlobalSection(ProjectConfigurationPlatforms) = postSolution
		{B0DAF738-5A82-4C3C-8DAD-271A09E8018E}.Debug|Any CPU.ActiveCfg = Debug|Any CPU
		{B0DAF738-5A82-4C3C-8DAD-271A09E8018E}.Debug|Any CPU.Build.0 = Debug|Any CPU
		{B0DAF738-5A82-4C3C-8DAD-271A09E8018E}.Release|Any CPU.ActiveCfg = Release|Any CPU
		{B0DAF738-5A82-4C3C-8DAD-271A09E8018E}.Release|Any CPU.Build.0 = Release|Any CPU
		{D2378B9B-9F24-4CFC-A1FF-3D4FC110A40A}.Debug|Any CPU.ActiveCfg = Debug|Any CPU
		{D2378B9B-9F24-4CFC-A1FF-3D4FC110A40A}.Debug|Any CPU.Build.0 = Debug|Any CPU
		{D2378B9B-9F24-4CFC-A1FF-3D4FC110A40A}.Release|Any CPU.ActiveCfg = Release|Any CPU
		{D2378B9B-9F24-4CFC-A1FF-3D4FC110A40A}.Release|Any CPU.Build.0 = Release|Any CPU
		{60A2EDDC-14F2-4F40-8138-ACF862DE9A3F}.Debug|Any CPU.ActiveCfg = Debug|Any CPU
		{60A2EDDC-14F2-4F40-8138-ACF862DE9A3F}.Debug|Any CPU.Build.0 = Debug|Any CPU
		{60A2EDDC-14F2-4F40-8138-ACF862DE9A3F}.Release|Any CPU.ActiveCfg = Release|Any CPU
		{60A2EDDC-14F2-4F40-8138-ACF862DE9A3F}.Release|Any CPU.Build.0 = Release|Any CPU
	EndGlobalSection
	GlobalSection(SolutionProperties) = preSolution
		HideSolutionNode = FALSE
	EndGlobalSection
	GlobalSection(ExtensibilityGlobals) = postSolution
		SolutionGuid = {FFBC9112-5E30-4A0D-8DE0-0E48B7938CE7}
	EndGlobalSection
EndGlobal
